
Microsoft Visual Studio Solution File, Format Version 12.00
# Visual Studio 15
VisualStudioVersion = 15.0.27703.2035
MinimumVisualStudioVersion = 10.0.40219.1
Project("{9A19103F-16F7-4668-BE54-9A1E7A4F7556}") = "Northwind.Core", "Northwind.Core\Northwind.Core.csproj", "{34DC072C-D5C1-41F0-AE0B-A0074C7C0CE7}"
EndProject
Project("{2150E333-8FDC-42A3-9474-1A3956D46DE8}") = "Targets", "Targets", "{D220C3E6-35A6-47E8-BA35-9795B7FFD414}"
EndProject
Project("{FAE04EC0-301F-11D3-BF4B-00C04F79EFBC}") = "Northwind.WPF", "Northwind.WPF\Northwind.WPF.csproj", "{461C5176-2A17-451B-9A35-6C0007065E91}"
EndProject
Project("{FAE04EC0-301F-11D3-BF4B-00C04F79EFBC}") = "Northwind.Forms", "Northwind.Forms\Northwind.Forms\Northwind.Forms.csproj", "{B95A1C9E-82D8-423A-8EA8-6E8ACF861F22}"
EndProject
Project("{FAE04EC0-301F-11D3-BF4B-00C04F79EFBC}") = "Northwind.Forms.Android", "Northwind.Forms\Northwind.Forms.Android\Northwind.Forms.Android.csproj", "{3A74DFA1-9B4E-4829-9972-FC93192DC954}"
EndProject
Project("{FAE04EC0-301F-11D3-BF4B-00C04F79EFBC}") = "Northwind.Forms.iOS", "Northwind.Forms\Northwind.Forms.iOS\Northwind.Forms.iOS.csproj", "{E44F0AFD-9FF1-454D-BAF5-784DA8516F6B}"
EndProject
Project("{FAE04EC0-301F-11D3-BF4B-00C04F79EFBC}") = "Northwind.Forms.UWP", "Northwind.Forms\Northwind.Forms.UWP\Northwind.Forms.UWP.csproj", "{AD30383E-55AA-445C-B71D-7FF1B34A14DD}"
EndProject
Global
	GlobalSection(SolutionConfigurationPlatforms) = preSolution
		Ad-Hoc|Any CPU = Ad-Hoc|Any CPU
		Ad-Hoc|ARM = Ad-Hoc|ARM
		Ad-Hoc|iPhone = Ad-Hoc|iPhone
		Ad-Hoc|iPhoneSimulator = Ad-Hoc|iPhoneSimulator
		Ad-Hoc|x64 = Ad-Hoc|x64
		Ad-Hoc|x86 = Ad-Hoc|x86
		AppStore|Any CPU = AppStore|Any CPU
		AppStore|ARM = AppStore|ARM
		AppStore|iPhone = AppStore|iPhone
		AppStore|iPhoneSimulator = AppStore|iPhoneSimulator
		AppStore|x64 = AppStore|x64
		AppStore|x86 = AppStore|x86
		Debug|Any CPU = Debug|Any CPU
		Debug|ARM = Debug|ARM
		Debug|iPhone = Debug|iPhone
		Debug|iPhoneSimulator = Debug|iPhoneSimulator
		Debug|x64 = Debug|x64
		Debug|x86 = Debug|x86
		Release|Any CPU = Release|Any CPU
		Release|ARM = Release|ARM
		Release|iPhone = Release|iPhone
		Release|iPhoneSimulator = Release|iPhoneSimulator
		Release|x64 = Release|x64
		Release|x86 = Release|x86
	EndGlobalSection
	GlobalSection(ProjectConfigurationPlatforms) = postSolution
		{34DC072C-D5C1-41F0-AE0B-A0074C7C0CE7}.Ad-Hoc|Any CPU.ActiveCfg = Release|Any CPU
		{34DC072C-D5C1-41F0-AE0B-A0074C7C0CE7}.Ad-Hoc|Any CPU.Build.0 = Release|Any CPU
		{34DC072C-D5C1-41F0-AE0B-A0074C7C0CE7}.Ad-Hoc|ARM.ActiveCfg = Release|Any CPU
		{34DC072C-D5C1-41F0-AE0B-A0074C7C0CE7}.Ad-Hoc|ARM.Build.0 = Release|Any CPU
		{34DC072C-D5C1-41F0-AE0B-A0074C7C0CE7}.Ad-Hoc|iPhone.ActiveCfg = Release|Any CPU
		{34DC072C-D5C1-41F0-AE0B-A0074C7C0CE7}.Ad-Hoc|iPhone.Build.0 = Release|Any CPU
		{34DC072C-D5C1-41F0-AE0B-A0074C7C0CE7}.Ad-Hoc|iPhoneSimulator.ActiveCfg = Release|Any CPU
		{34DC072C-D5C1-41F0-AE0B-A0074C7C0CE7}.Ad-Hoc|iPhoneSimulator.Build.0 = Release|Any CPU
		{34DC072C-D5C1-41F0-AE0B-A0074C7C0CE7}.Ad-Hoc|x64.ActiveCfg = Release|Any CPU
		{34DC072C-D5C1-41F0-AE0B-A0074C7C0CE7}.Ad-Hoc|x64.Build.0 = Release|Any CPU
		{34DC072C-D5C1-41F0-AE0B-A0074C7C0CE7}.Ad-Hoc|x86.ActiveCfg = Release|Any CPU
		{34DC072C-D5C1-41F0-AE0B-A0074C7C0CE7}.Ad-Hoc|x86.Build.0 = Release|Any CPU
		{34DC072C-D5C1-41F0-AE0B-A0074C7C0CE7}.AppStore|Any CPU.ActiveCfg = Release|Any CPU
		{34DC072C-D5C1-41F0-AE0B-A0074C7C0CE7}.AppStore|Any CPU.Build.0 = Release|Any CPU
		{34DC072C-D5C1-41F0-AE0B-A0074C7C0CE7}.AppStore|ARM.ActiveCfg = Release|Any CPU
		{34DC072C-D5C1-41F0-AE0B-A0074C7C0CE7}.AppStore|ARM.Build.0 = Release|Any CPU
		{34DC072C-D5C1-41F0-AE0B-A0074C7C0CE7}.AppStore|iPhone.ActiveCfg = Release|Any CPU
		{34DC072C-D5C1-41F0-AE0B-A0074C7C0CE7}.AppStore|iPhone.Build.0 = Release|Any CPU
		{34DC072C-D5C1-41F0-AE0B-A0074C7C0CE7}.AppStore|iPhoneSimulator.ActiveCfg = Release|Any CPU
		{34DC072C-D5C1-41F0-AE0B-A0074C7C0CE7}.AppStore|iPhoneSimulator.Build.0 = Release|Any CPU
		{34DC072C-D5C1-41F0-AE0B-A0074C7C0CE7}.AppStore|x64.ActiveCfg = Release|Any CPU
		{34DC072C-D5C1-41F0-AE0B-A0074C7C0CE7}.AppStore|x64.Build.0 = Release|Any CPU
		{34DC072C-D5C1-41F0-AE0B-A0074C7C0CE7}.AppStore|x86.ActiveCfg = Release|Any CPU
		{34DC072C-D5C1-41F0-AE0B-A0074C7C0CE7}.AppStore|x86.Build.0 = Release|Any CPU
		{34DC072C-D5C1-41F0-AE0B-A0074C7C0CE7}.Debug|Any CPU.ActiveCfg = Debug|Any CPU
		{34DC072C-D5C1-41F0-AE0B-A0074C7C0CE7}.Debug|Any CPU.Build.0 = Debug|Any CPU
		{34DC072C-D5C1-41F0-AE0B-A0074C7C0CE7}.Debug|ARM.ActiveCfg = Debug|Any CPU
		{34DC072C-D5C1-41F0-AE0B-A0074C7C0CE7}.Debug|ARM.Build.0 = Debug|Any CPU
		{34DC072C-D5C1-41F0-AE0B-A0074C7C0CE7}.Debug|iPhone.ActiveCfg = Debug|Any CPU
		{34DC072C-D5C1-41F0-AE0B-A0074C7C0CE7}.Debug|iPhone.Build.0 = Debug|Any CPU
		{34DC072C-D5C1-41F0-AE0B-A0074C7C0CE7}.Debug|iPhoneSimulator.ActiveCfg = Debug|Any CPU
		{34DC072C-D5C1-41F0-AE0B-A0074C7C0CE7}.Debug|iPhoneSimulator.Build.0 = Debug|Any CPU
		{34DC072C-D5C1-41F0-AE0B-A0074C7C0CE7}.Debug|x64.ActiveCfg = Debug|Any CPU
		{34DC072C-D5C1-41F0-AE0B-A0074C7C0CE7}.Debug|x64.Build.0 = Debug|Any CPU
		{34DC072C-D5C1-41F0-AE0B-A0074C7C0CE7}.Debug|x86.ActiveCfg = Debug|Any CPU
		{34DC072C-D5C1-41F0-AE0B-A0074C7C0CE7}.Debug|x86.Build.0 = Debug|Any CPU
		{34DC072C-D5C1-41F0-AE0B-A0074C7C0CE7}.Release|Any CPU.ActiveCfg = Release|Any CPU
		{34DC072C-D5C1-41F0-AE0B-A0074C7C0CE7}.Release|Any CPU.Build.0 = Release|Any CPU
		{34DC072C-D5C1-41F0-AE0B-A0074C7C0CE7}.Release|ARM.ActiveCfg = Release|Any CPU
		{34DC072C-D5C1-41F0-AE0B-A0074C7C0CE7}.Release|ARM.Build.0 = Release|Any CPU
		{34DC072C-D5C1-41F0-AE0B-A0074C7C0CE7}.Release|iPhone.ActiveCfg = Release|Any CPU
		{34DC072C-D5C1-41F0-AE0B-A0074C7C0CE7}.Release|iPhone.Build.0 = Release|Any CPU
		{34DC072C-D5C1-41F0-AE0B-A0074C7C0CE7}.Release|iPhoneSimulator.ActiveCfg = Release|Any CPU
		{34DC072C-D5C1-41F0-AE0B-A0074C7C0CE7}.Release|iPhoneSimulator.Build.0 = Release|Any CPU
		{34DC072C-D5C1-41F0-AE0B-A0074C7C0CE7}.Release|x64.ActiveCfg = Release|Any CPU
		{34DC072C-D5C1-41F0-AE0B-A0074C7C0CE7}.Release|x64.Build.0 = Release|Any CPU
		{34DC072C-D5C1-41F0-AE0B-A0074C7C0CE7}.Release|x86.ActiveCfg = Release|Any CPU
		{34DC072C-D5C1-41F0-AE0B-A0074C7C0CE7}.Release|x86.Build.0 = Release|Any CPU
		{461C5176-2A17-451B-9A35-6C0007065E91}.Ad-Hoc|Any CPU.ActiveCfg = Release|Any CPU
		{461C5176-2A17-451B-9A35-6C0007065E91}.Ad-Hoc|Any CPU.Build.0 = Release|Any CPU
		{461C5176-2A17-451B-9A35-6C0007065E91}.Ad-Hoc|ARM.ActiveCfg = Release|Any CPU
		{461C5176-2A17-451B-9A35-6C0007065E91}.Ad-Hoc|ARM.Build.0 = Release|Any CPU
		{461C5176-2A17-451B-9A35-6C0007065E91}.Ad-Hoc|iPhone.ActiveCfg = Release|Any CPU
		{461C5176-2A17-451B-9A35-6C0007065E91}.Ad-Hoc|iPhone.Build.0 = Release|Any CPU
		{461C5176-2A17-451B-9A35-6C0007065E91}.Ad-Hoc|iPhoneSimulator.ActiveCfg = Release|Any CPU
		{461C5176-2A17-451B-9A35-6C0007065E91}.Ad-Hoc|iPhoneSimulator.Build.0 = Release|Any CPU
		{461C5176-2A17-451B-9A35-6C0007065E91}.Ad-Hoc|x64.ActiveCfg = Release|Any CPU
		{461C5176-2A17-451B-9A35-6C0007065E91}.Ad-Hoc|x64.Build.0 = Release|Any CPU
		{461C5176-2A17-451B-9A35-6C0007065E91}.Ad-Hoc|x86.ActiveCfg = Release|Any CPU
		{461C5176-2A17-451B-9A35-6C0007065E91}.Ad-Hoc|x86.Build.0 = Release|Any CPU
		{461C5176-2A17-451B-9A35-6C0007065E91}.AppStore|Any CPU.ActiveCfg = Release|Any CPU
		{461C5176-2A17-451B-9A35-6C0007065E91}.AppStore|Any CPU.Build.0 = Release|Any CPU
		{461C5176-2A17-451B-9A35-6C0007065E91}.AppStore|ARM.ActiveCfg = Release|Any CPU
		{461C5176-2A17-451B-9A35-6C0007065E91}.AppStore|ARM.Build.0 = Release|Any CPU
		{461C5176-2A17-451B-9A35-6C0007065E91}.AppStore|iPhone.ActiveCfg = Release|Any CPU
		{461C5176-2A17-451B-9A35-6C0007065E91}.AppStore|iPhone.Build.0 = Release|Any CPU
		{461C5176-2A17-451B-9A35-6C0007065E91}.AppStore|iPhoneSimulator.ActiveCfg = Release|Any CPU
		{461C5176-2A17-451B-9A35-6C0007065E91}.AppStore|iPhoneSimulator.Build.0 = Release|Any CPU
		{461C5176-2A17-451B-9A35-6C0007065E91}.AppStore|x64.ActiveCfg = Release|Any CPU
		{461C5176-2A17-451B-9A35-6C0007065E91}.AppStore|x64.Build.0 = Release|Any CPU
		{461C5176-2A17-451B-9A35-6C0007065E91}.AppStore|x86.ActiveCfg = Release|Any CPU
		{461C5176-2A17-451B-9A35-6C0007065E91}.AppStore|x86.Build.0 = Release|Any CPU
		{461C5176-2A17-451B-9A35-6C0007065E91}.Debug|Any CPU.ActiveCfg = Debug|Any CPU
		{461C5176-2A17-451B-9A35-6C0007065E91}.Debug|Any CPU.Build.0 = Debug|Any CPU
		{461C5176-2A17-451B-9A35-6C0007065E91}.Debug|ARM.ActiveCfg = Debug|Any CPU
		{461C5176-2A17-451B-9A35-6C0007065E91}.Debug|ARM.Build.0 = Debug|Any CPU
		{461C5176-2A17-451B-9A35-6C0007065E91}.Debug|iPhone.ActiveCfg = Debug|Any CPU
		{461C5176-2A17-451B-9A35-6C0007065E91}.Debug|iPhone.Build.0 = Debug|Any CPU
		{461C5176-2A17-451B-9A35-6C0007065E91}.Debug|iPhoneSimulator.ActiveCfg = Debug|Any CPU
		{461C5176-2A17-451B-9A35-6C0007065E91}.Debug|iPhoneSimulator.Build.0 = Debug|Any CPU
		{461C5176-2A17-451B-9A35-6C0007065E91}.Debug|x64.ActiveCfg = Debug|Any CPU
		{461C5176-2A17-451B-9A35-6C0007065E91}.Debug|x64.Build.0 = Debug|Any CPU
		{461C5176-2A17-451B-9A35-6C0007065E91}.Debug|x86.ActiveCfg = Debug|Any CPU
		{461C5176-2A17-451B-9A35-6C0007065E91}.Debug|x86.Build.0 = Debug|Any CPU
		{461C5176-2A17-451B-9A35-6C0007065E91}.Release|Any CPU.ActiveCfg = Release|Any CPU
		{461C5176-2A17-451B-9A35-6C0007065E91}.Release|Any CPU.Build.0 = Release|Any CPU
		{461C5176-2A17-451B-9A35-6C0007065E91}.Release|ARM.ActiveCfg = Release|Any CPU
		{461C5176-2A17-451B-9A35-6C0007065E91}.Release|ARM.Build.0 = Release|Any CPU
		{461C5176-2A17-451B-9A35-6C0007065E91}.Release|iPhone.ActiveCfg = Release|Any CPU
		{461C5176-2A17-451B-9A35-6C0007065E91}.Release|iPhone.Build.0 = Release|Any CPU
		{461C5176-2A17-451B-9A35-6C0007065E91}.Release|iPhoneSimulator.ActiveCfg = Release|Any CPU
		{461C5176-2A17-451B-9A35-6C0007065E91}.Release|iPhoneSimulator.Build.0 = Release|Any CPU
		{461C5176-2A17-451B-9A35-6C0007065E91}.Release|x64.ActiveCfg = Release|Any CPU
		{461C5176-2A17-451B-9A35-6C0007065E91}.Release|x64.Build.0 = Release|Any CPU
		{461C5176-2A17-451B-9A35-6C0007065E91}.Release|x86.ActiveCfg = Release|Any CPU
		{461C5176-2A17-451B-9A35-6C0007065E91}.Release|x86.Build.0 = Release|Any CPU
		{B95A1C9E-82D8-423A-8EA8-6E8ACF861F22}.Ad-Hoc|Any CPU.ActiveCfg = Debug|Any CPU
		{B95A1C9E-82D8-423A-8EA8-6E8ACF861F22}.Ad-Hoc|Any CPU.Build.0 = Debug|Any CPU
		{B95A1C9E-82D8-423A-8EA8-6E8ACF861F22}.Ad-Hoc|ARM.ActiveCfg = Debug|Any CPU
		{B95A1C9E-82D8-423A-8EA8-6E8ACF861F22}.Ad-Hoc|ARM.Build.0 = Debug|Any CPU
		{B95A1C9E-82D8-423A-8EA8-6E8ACF861F22}.Ad-Hoc|iPhone.ActiveCfg = Debug|Any CPU
		{B95A1C9E-82D8-423A-8EA8-6E8ACF861F22}.Ad-Hoc|iPhone.Build.0 = Debug|Any CPU
		{B95A1C9E-82D8-423A-8EA8-6E8ACF861F22}.Ad-Hoc|iPhoneSimulator.ActiveCfg = Debug|Any CPU
		{B95A1C9E-82D8-423A-8EA8-6E8ACF861F22}.Ad-Hoc|iPhoneSimulator.Build.0 = Debug|Any CPU
		{B95A1C9E-82D8-423A-8EA8-6E8ACF861F22}.Ad-Hoc|x64.ActiveCfg = Debug|Any CPU
		{B95A1C9E-82D8-423A-8EA8-6E8ACF861F22}.Ad-Hoc|x64.Build.0 = Debug|Any CPU
		{B95A1C9E-82D8-423A-8EA8-6E8ACF861F22}.Ad-Hoc|x86.ActiveCfg = Debug|Any CPU
		{B95A1C9E-82D8-423A-8EA8-6E8ACF861F22}.Ad-Hoc|x86.Build.0 = Debug|Any CPU
		{B95A1C9E-82D8-423A-8EA8-6E8ACF861F22}.AppStore|Any CPU.ActiveCfg = Debug|Any CPU
		{B95A1C9E-82D8-423A-8EA8-6E8ACF861F22}.AppStore|Any CPU.Build.0 = Debug|Any CPU
		{B95A1C9E-82D8-423A-8EA8-6E8ACF861F22}.AppStore|ARM.ActiveCfg = Debug|Any CPU
		{B95A1C9E-82D8-423A-8EA8-6E8ACF861F22}.AppStore|ARM.Build.0 = Debug|Any CPU
		{B95A1C9E-82D8-423A-8EA8-6E8ACF861F22}.AppStore|iPhone.ActiveCfg = Debug|Any CPU
		{B95A1C9E-82D8-423A-8EA8-6E8ACF861F22}.AppStore|iPhone.Build.0 = Debug|Any CPU
		{B95A1C9E-82D8-423A-8EA8-6E8ACF861F22}.AppStore|iPhoneSimulator.ActiveCfg = Debug|Any CPU
		{B95A1C9E-82D8-423A-8EA8-6E8ACF861F22}.AppStore|iPhoneSimulator.Build.0 = Debug|Any CPU
		{B95A1C9E-82D8-423A-8EA8-6E8ACF861F22}.AppStore|x64.ActiveCfg = Debug|Any CPU
		{B95A1C9E-82D8-423A-8EA8-6E8ACF861F22}.AppStore|x64.Build.0 = Debug|Any CPU
		{B95A1C9E-82D8-423A-8EA8-6E8ACF861F22}.AppStore|x86.ActiveCfg = Debug|Any CPU
		{B95A1C9E-82D8-423A-8EA8-6E8ACF861F22}.AppStore|x86.Build.0 = Debug|Any CPU
		{B95A1C9E-82D8-423A-8EA8-6E8ACF861F22}.Debug|Any CPU.ActiveCfg = Debug|Any CPU
		{B95A1C9E-82D8-423A-8EA8-6E8ACF861F22}.Debug|Any CPU.Build.0 = Debug|Any CPU
		{B95A1C9E-82D8-423A-8EA8-6E8ACF861F22}.Debug|ARM.ActiveCfg = Debug|Any CPU
		{B95A1C9E-82D8-423A-8EA8-6E8ACF861F22}.Debug|ARM.Build.0 = Debug|Any CPU
		{B95A1C9E-82D8-423A-8EA8-6E8ACF861F22}.Debug|iPhone.ActiveCfg = Debug|Any CPU
		{B95A1C9E-82D8-423A-8EA8-6E8ACF861F22}.Debug|iPhone.Build.0 = Debug|Any CPU
		{B95A1C9E-82D8-423A-8EA8-6E8ACF861F22}.Debug|iPhoneSimulator.ActiveCfg = Debug|Any CPU
		{B95A1C9E-82D8-423A-8EA8-6E8ACF861F22}.Debug|iPhoneSimulator.Build.0 = Debug|Any CPU
		{B95A1C9E-82D8-423A-8EA8-6E8ACF861F22}.Debug|x64.ActiveCfg = Debug|Any CPU
		{B95A1C9E-82D8-423A-8EA8-6E8ACF861F22}.Debug|x64.Build.0 = Debug|Any CPU
		{B95A1C9E-82D8-423A-8EA8-6E8ACF861F22}.Debug|x86.ActiveCfg = Debug|Any CPU
		{B95A1C9E-82D8-423A-8EA8-6E8ACF861F22}.Debug|x86.Build.0 = Debug|Any CPU
		{B95A1C9E-82D8-423A-8EA8-6E8ACF861F22}.Release|Any CPU.ActiveCfg = Release|Any CPU
		{B95A1C9E-82D8-423A-8EA8-6E8ACF861F22}.Release|Any CPU.Build.0 = Release|Any CPU
		{B95A1C9E-82D8-423A-8EA8-6E8ACF861F22}.Release|ARM.ActiveCfg = Release|Any CPU
		{B95A1C9E-82D8-423A-8EA8-6E8ACF861F22}.Release|ARM.Build.0 = Release|Any CPU
		{B95A1C9E-82D8-423A-8EA8-6E8ACF861F22}.Release|iPhone.ActiveCfg = Release|Any CPU
		{B95A1C9E-82D8-423A-8EA8-6E8ACF861F22}.Release|iPhone.Build.0 = Release|Any CPU
		{B95A1C9E-82D8-423A-8EA8-6E8ACF861F22}.Release|iPhoneSimulator.ActiveCfg = Release|Any CPU
		{B95A1C9E-82D8-423A-8EA8-6E8ACF861F22}.Release|iPhoneSimulator.Build.0 = Release|Any CPU
		{B95A1C9E-82D8-423A-8EA8-6E8ACF861F22}.Release|x64.ActiveCfg = Release|Any CPU
		{B95A1C9E-82D8-423A-8EA8-6E8ACF861F22}.Release|x64.Build.0 = Release|Any CPU
		{B95A1C9E-82D8-423A-8EA8-6E8ACF861F22}.Release|x86.ActiveCfg = Release|Any CPU
		{B95A1C9E-82D8-423A-8EA8-6E8ACF861F22}.Release|x86.Build.0 = Release|Any CPU
		{3A74DFA1-9B4E-4829-9972-FC93192DC954}.Ad-Hoc|Any CPU.ActiveCfg = Release|Any CPU
		{3A74DFA1-9B4E-4829-9972-FC93192DC954}.Ad-Hoc|Any CPU.Build.0 = Release|Any CPU
		{3A74DFA1-9B4E-4829-9972-FC93192DC954}.Ad-Hoc|Any CPU.Deploy.0 = Release|Any CPU
		{3A74DFA1-9B4E-4829-9972-FC93192DC954}.Ad-Hoc|ARM.ActiveCfg = Release|Any CPU
		{3A74DFA1-9B4E-4829-9972-FC93192DC954}.Ad-Hoc|ARM.Build.0 = Release|Any CPU
		{3A74DFA1-9B4E-4829-9972-FC93192DC954}.Ad-Hoc|ARM.Deploy.0 = Release|Any CPU
		{3A74DFA1-9B4E-4829-9972-FC93192DC954}.Ad-Hoc|iPhone.ActiveCfg = Release|Any CPU
		{3A74DFA1-9B4E-4829-9972-FC93192DC954}.Ad-Hoc|iPhone.Build.0 = Release|Any CPU
		{3A74DFA1-9B4E-4829-9972-FC93192DC954}.Ad-Hoc|iPhone.Deploy.0 = Release|Any CPU
		{3A74DFA1-9B4E-4829-9972-FC93192DC954}.Ad-Hoc|iPhoneSimulator.ActiveCfg = Release|Any CPU
		{3A74DFA1-9B4E-4829-9972-FC93192DC954}.Ad-Hoc|iPhoneSimulator.Build.0 = Release|Any CPU
		{3A74DFA1-9B4E-4829-9972-FC93192DC954}.Ad-Hoc|iPhoneSimulator.Deploy.0 = Release|Any CPU
		{3A74DFA1-9B4E-4829-9972-FC93192DC954}.Ad-Hoc|x64.ActiveCfg = Release|Any CPU
		{3A74DFA1-9B4E-4829-9972-FC93192DC954}.Ad-Hoc|x64.Build.0 = Release|Any CPU
		{3A74DFA1-9B4E-4829-9972-FC93192DC954}.Ad-Hoc|x64.Deploy.0 = Release|Any CPU
		{3A74DFA1-9B4E-4829-9972-FC93192DC954}.Ad-Hoc|x86.ActiveCfg = Release|Any CPU
		{3A74DFA1-9B4E-4829-9972-FC93192DC954}.Ad-Hoc|x86.Build.0 = Release|Any CPU
		{3A74DFA1-9B4E-4829-9972-FC93192DC954}.Ad-Hoc|x86.Deploy.0 = Release|Any CPU
		{3A74DFA1-9B4E-4829-9972-FC93192DC954}.AppStore|Any CPU.ActiveCfg = Release|Any CPU
		{3A74DFA1-9B4E-4829-9972-FC93192DC954}.AppStore|Any CPU.Build.0 = Release|Any CPU
		{3A74DFA1-9B4E-4829-9972-FC93192DC954}.AppStore|Any CPU.Deploy.0 = Release|Any CPU
		{3A74DFA1-9B4E-4829-9972-FC93192DC954}.AppStore|ARM.ActiveCfg = Release|Any CPU
		{3A74DFA1-9B4E-4829-9972-FC93192DC954}.AppStore|ARM.Build.0 = Release|Any CPU
		{3A74DFA1-9B4E-4829-9972-FC93192DC954}.AppStore|ARM.Deploy.0 = Release|Any CPU
		{3A74DFA1-9B4E-4829-9972-FC93192DC954}.AppStore|iPhone.ActiveCfg = Release|Any CPU
		{3A74DFA1-9B4E-4829-9972-FC93192DC954}.AppStore|iPhone.Build.0 = Release|Any CPU
		{3A74DFA1-9B4E-4829-9972-FC93192DC954}.AppStore|iPhone.Deploy.0 = Release|Any CPU
		{3A74DFA1-9B4E-4829-9972-FC93192DC954}.AppStore|iPhoneSimulator.ActiveCfg = Release|Any CPU
		{3A74DFA1-9B4E-4829-9972-FC93192DC954}.AppStore|iPhoneSimulator.Build.0 = Release|Any CPU
		{3A74DFA1-9B4E-4829-9972-FC93192DC954}.AppStore|iPhoneSimulator.Deploy.0 = Release|Any CPU
		{3A74DFA1-9B4E-4829-9972-FC93192DC954}.AppStore|x64.ActiveCfg = Release|Any CPU
		{3A74DFA1-9B4E-4829-9972-FC93192DC954}.AppStore|x64.Build.0 = Release|Any CPU
		{3A74DFA1-9B4E-4829-9972-FC93192DC954}.AppStore|x64.Deploy.0 = Release|Any CPU
		{3A74DFA1-9B4E-4829-9972-FC93192DC954}.AppStore|x86.ActiveCfg = Release|Any CPU
		{3A74DFA1-9B4E-4829-9972-FC93192DC954}.AppStore|x86.Build.0 = Release|Any CPU
		{3A74DFA1-9B4E-4829-9972-FC93192DC954}.AppStore|x86.Deploy.0 = Release|Any CPU
		{3A74DFA1-9B4E-4829-9972-FC93192DC954}.Debug|Any CPU.ActiveCfg = Debug|Any CPU
		{3A74DFA1-9B4E-4829-9972-FC93192DC954}.Debug|Any CPU.Build.0 = Debug|Any CPU
		{3A74DFA1-9B4E-4829-9972-FC93192DC954}.Debug|Any CPU.Deploy.0 = Debug|Any CPU
		{3A74DFA1-9B4E-4829-9972-FC93192DC954}.Debug|ARM.ActiveCfg = Debug|Any CPU
		{3A74DFA1-9B4E-4829-9972-FC93192DC954}.Debug|ARM.Build.0 = Debug|Any CPU
		{3A74DFA1-9B4E-4829-9972-FC93192DC954}.Debug|ARM.Deploy.0 = Debug|Any CPU
		{3A74DFA1-9B4E-4829-9972-FC93192DC954}.Debug|iPhone.ActiveCfg = Debug|Any CPU
		{3A74DFA1-9B4E-4829-9972-FC93192DC954}.Debug|iPhone.Build.0 = Debug|Any CPU
		{3A74DFA1-9B4E-4829-9972-FC93192DC954}.Debug|iPhone.Deploy.0 = Debug|Any CPU
		{3A74DFA1-9B4E-4829-9972-FC93192DC954}.Debug|iPhoneSimulator.ActiveCfg = Debug|Any CPU
		{3A74DFA1-9B4E-4829-9972-FC93192DC954}.Debug|iPhoneSimulator.Build.0 = Debug|Any CPU
		{3A74DFA1-9B4E-4829-9972-FC93192DC954}.Debug|iPhoneSimulator.Deploy.0 = Debug|Any CPU
		{3A74DFA1-9B4E-4829-9972-FC93192DC954}.Debug|x64.ActiveCfg = Debug|Any CPU
		{3A74DFA1-9B4E-4829-9972-FC93192DC954}.Debug|x64.Build.0 = Debug|Any CPU
		{3A74DFA1-9B4E-4829-9972-FC93192DC954}.Debug|x64.Deploy.0 = Debug|Any CPU
		{3A74DFA1-9B4E-4829-9972-FC93192DC954}.Debug|x86.ActiveCfg = Debug|Any CPU
		{3A74DFA1-9B4E-4829-9972-FC93192DC954}.Debug|x86.Build.0 = Debug|Any CPU
		{3A74DFA1-9B4E-4829-9972-FC93192DC954}.Debug|x86.Deploy.0 = Debug|Any CPU
		{3A74DFA1-9B4E-4829-9972-FC93192DC954}.Release|Any CPU.ActiveCfg = Release|Any CPU
		{3A74DFA1-9B4E-4829-9972-FC93192DC954}.Release|Any CPU.Build.0 = Release|Any CPU
		{3A74DFA1-9B4E-4829-9972-FC93192DC954}.Release|Any CPU.Deploy.0 = Release|Any CPU
		{3A74DFA1-9B4E-4829-9972-FC93192DC954}.Release|ARM.ActiveCfg = Release|Any CPU
		{3A74DFA1-9B4E-4829-9972-FC93192DC954}.Release|ARM.Build.0 = Release|Any CPU
		{3A74DFA1-9B4E-4829-9972-FC93192DC954}.Release|ARM.Deploy.0 = Release|Any CPU
		{3A74DFA1-9B4E-4829-9972-FC93192DC954}.Release|iPhone.ActiveCfg = Release|Any CPU
		{3A74DFA1-9B4E-4829-9972-FC93192DC954}.Release|iPhone.Build.0 = Release|Any CPU
		{3A74DFA1-9B4E-4829-9972-FC93192DC954}.Release|iPhone.Deploy.0 = Release|Any CPU
		{3A74DFA1-9B4E-4829-9972-FC93192DC954}.Release|iPhoneSimulator.ActiveCfg = Release|Any CPU
		{3A74DFA1-9B4E-4829-9972-FC93192DC954}.Release|iPhoneSimulator.Build.0 = Release|Any CPU
		{3A74DFA1-9B4E-4829-9972-FC93192DC954}.Release|iPhoneSimulator.Deploy.0 = Release|Any CPU
		{3A74DFA1-9B4E-4829-9972-FC93192DC954}.Release|x64.ActiveCfg = Release|Any CPU
		{3A74DFA1-9B4E-4829-9972-FC93192DC954}.Release|x64.Build.0 = Release|Any CPU
		{3A74DFA1-9B4E-4829-9972-FC93192DC954}.Release|x64.Deploy.0 = Release|Any CPU
		{3A74DFA1-9B4E-4829-9972-FC93192DC954}.Release|x86.ActiveCfg = Release|Any CPU
		{3A74DFA1-9B4E-4829-9972-FC93192DC954}.Release|x86.Build.0 = Release|Any CPU
		{3A74DFA1-9B4E-4829-9972-FC93192DC954}.Release|x86.Deploy.0 = Release|Any CPU
		{E44F0AFD-9FF1-454D-BAF5-784DA8516F6B}.Ad-Hoc|Any CPU.ActiveCfg = Ad-Hoc|iPhone
		{E44F0AFD-9FF1-454D-BAF5-784DA8516F6B}.Ad-Hoc|ARM.ActiveCfg = Ad-Hoc|iPhone
		{E44F0AFD-9FF1-454D-BAF5-784DA8516F6B}.Ad-Hoc|iPhone.ActiveCfg = Ad-Hoc|iPhone
		{E44F0AFD-9FF1-454D-BAF5-784DA8516F6B}.Ad-Hoc|iPhone.Build.0 = Ad-Hoc|iPhone
		{E44F0AFD-9FF1-454D-BAF5-784DA8516F6B}.Ad-Hoc|iPhoneSimulator.ActiveCfg = Ad-Hoc|iPhoneSimulator
		{E44F0AFD-9FF1-454D-BAF5-784DA8516F6B}.Ad-Hoc|iPhoneSimulator.Build.0 = Ad-Hoc|iPhoneSimulator
		{E44F0AFD-9FF1-454D-BAF5-784DA8516F6B}.Ad-Hoc|x64.ActiveCfg = Ad-Hoc|iPhone
		{E44F0AFD-9FF1-454D-BAF5-784DA8516F6B}.Ad-Hoc|x86.ActiveCfg = Ad-Hoc|iPhone
		{E44F0AFD-9FF1-454D-BAF5-784DA8516F6B}.AppStore|Any CPU.ActiveCfg = AppStore|iPhone
		{E44F0AFD-9FF1-454D-BAF5-784DA8516F6B}.AppStore|ARM.ActiveCfg = AppStore|iPhone
		{E44F0AFD-9FF1-454D-BAF5-784DA8516F6B}.AppStore|iPhone.ActiveCfg = AppStore|iPhone
		{E44F0AFD-9FF1-454D-BAF5-784DA8516F6B}.AppStore|iPhone.Build.0 = AppStore|iPhone
		{E44F0AFD-9FF1-454D-BAF5-784DA8516F6B}.AppStore|iPhoneSimulator.ActiveCfg = AppStore|iPhoneSimulator
		{E44F0AFD-9FF1-454D-BAF5-784DA8516F6B}.AppStore|iPhoneSimulator.Build.0 = AppStore|iPhoneSimulator
		{E44F0AFD-9FF1-454D-BAF5-784DA8516F6B}.AppStore|x64.ActiveCfg = AppStore|iPhone
		{E44F0AFD-9FF1-454D-BAF5-784DA8516F6B}.AppStore|x86.ActiveCfg = AppStore|iPhone
		{E44F0AFD-9FF1-454D-BAF5-784DA8516F6B}.Debug|Any CPU.ActiveCfg = Debug|iPhone
		{E44F0AFD-9FF1-454D-BAF5-784DA8516F6B}.Debug|ARM.ActiveCfg = Debug|iPhone
		{E44F0AFD-9FF1-454D-BAF5-784DA8516F6B}.Debug|iPhone.ActiveCfg = Debug|iPhone
		{E44F0AFD-9FF1-454D-BAF5-784DA8516F6B}.Debug|iPhone.Build.0 = Debug|iPhone
		{E44F0AFD-9FF1-454D-BAF5-784DA8516F6B}.Debug|iPhoneSimulator.ActiveCfg = Debug|iPhoneSimulator
		{E44F0AFD-9FF1-454D-BAF5-784DA8516F6B}.Debug|iPhoneSimulator.Build.0 = Debug|iPhoneSimulator
		{E44F0AFD-9FF1-454D-BAF5-784DA8516F6B}.Debug|x64.ActiveCfg = Debug|iPhone
		{E44F0AFD-9FF1-454D-BAF5-784DA8516F6B}.Debug|x86.ActiveCfg = Debug|iPhone
		{E44F0AFD-9FF1-454D-BAF5-784DA8516F6B}.Release|Any CPU.ActiveCfg = Release|iPhone
		{E44F0AFD-9FF1-454D-BAF5-784DA8516F6B}.Release|ARM.ActiveCfg = Release|iPhone
		{E44F0AFD-9FF1-454D-BAF5-784DA8516F6B}.Release|iPhone.ActiveCfg = Release|iPhone
		{E44F0AFD-9FF1-454D-BAF5-784DA8516F6B}.Release|iPhone.Build.0 = Release|iPhone
		{E44F0AFD-9FF1-454D-BAF5-784DA8516F6B}.Release|iPhoneSimulator.ActiveCfg = Release|iPhoneSimulator
		{E44F0AFD-9FF1-454D-BAF5-784DA8516F6B}.Release|iPhoneSimulator.Build.0 = Release|iPhoneSimulator
		{E44F0AFD-9FF1-454D-BAF5-784DA8516F6B}.Release|x64.ActiveCfg = Release|iPhone
		{E44F0AFD-9FF1-454D-BAF5-784DA8516F6B}.Release|x86.ActiveCfg = Release|iPhone
		{AD30383E-55AA-445C-B71D-7FF1B34A14DD}.Ad-Hoc|Any CPU.ActiveCfg = Release|x86
		{AD30383E-55AA-445C-B71D-7FF1B34A14DD}.Ad-Hoc|Any CPU.Build.0 = Release|x86
		{AD30383E-55AA-445C-B71D-7FF1B34A14DD}.Ad-Hoc|Any CPU.Deploy.0 = Release|x86
		{AD30383E-55AA-445C-B71D-7FF1B34A14DD}.Ad-Hoc|ARM.ActiveCfg = Release|ARM
		{AD30383E-55AA-445C-B71D-7FF1B34A14DD}.Ad-Hoc|ARM.Build.0 = Release|ARM
		{AD30383E-55AA-445C-B71D-7FF1B34A14DD}.Ad-Hoc|ARM.Deploy.0 = Release|ARM
		{AD30383E-55AA-445C-B71D-7FF1B34A14DD}.Ad-Hoc|iPhone.ActiveCfg = Release|x86
		{AD30383E-55AA-445C-B71D-7FF1B34A14DD}.Ad-Hoc|iPhone.Build.0 = Release|x86
		{AD30383E-55AA-445C-B71D-7FF1B34A14DD}.Ad-Hoc|iPhone.Deploy.0 = Release|x86
		{AD30383E-55AA-445C-B71D-7FF1B34A14DD}.Ad-Hoc|iPhoneSimulator.ActiveCfg = Release|x86
		{AD30383E-55AA-445C-B71D-7FF1B34A14DD}.Ad-Hoc|iPhoneSimulator.Build.0 = Release|x86
		{AD30383E-55AA-445C-B71D-7FF1B34A14DD}.Ad-Hoc|iPhoneSimulator.Deploy.0 = Release|x86
		{AD30383E-55AA-445C-B71D-7FF1B34A14DD}.Ad-Hoc|x64.ActiveCfg = Release|x64
		{AD30383E-55AA-445C-B71D-7FF1B34A14DD}.Ad-Hoc|x64.Build.0 = Release|x64
		{AD30383E-55AA-445C-B71D-7FF1B34A14DD}.Ad-Hoc|x64.Deploy.0 = Release|x64
		{AD30383E-55AA-445C-B71D-7FF1B34A14DD}.Ad-Hoc|x86.ActiveCfg = Release|x86
		{AD30383E-55AA-445C-B71D-7FF1B34A14DD}.Ad-Hoc|x86.Build.0 = Release|x86
		{AD30383E-55AA-445C-B71D-7FF1B34A14DD}.Ad-Hoc|x86.Deploy.0 = Release|x86
		{AD30383E-55AA-445C-B71D-7FF1B34A14DD}.AppStore|Any CPU.ActiveCfg = Release|x86
		{AD30383E-55AA-445C-B71D-7FF1B34A14DD}.AppStore|Any CPU.Build.0 = Release|x86
		{AD30383E-55AA-445C-B71D-7FF1B34A14DD}.AppStore|Any CPU.Deploy.0 = Release|x86
		{AD30383E-55AA-445C-B71D-7FF1B34A14DD}.AppStore|ARM.ActiveCfg = Release|ARM
		{AD30383E-55AA-445C-B71D-7FF1B34A14DD}.AppStore|ARM.Build.0 = Release|ARM
		{AD30383E-55AA-445C-B71D-7FF1B34A14DD}.AppStore|ARM.Deploy.0 = Release|ARM
		{AD30383E-55AA-445C-B71D-7FF1B34A14DD}.AppStore|iPhone.ActiveCfg = Release|x86
		{AD30383E-55AA-445C-B71D-7FF1B34A14DD}.AppStore|iPhone.Build.0 = Release|x86
		{AD30383E-55AA-445C-B71D-7FF1B34A14DD}.AppStore|iPhone.Deploy.0 = Release|x86
		{AD30383E-55AA-445C-B71D-7FF1B34A14DD}.AppStore|iPhoneSimulator.ActiveCfg = Release|x86
		{AD30383E-55AA-445C-B71D-7FF1B34A14DD}.AppStore|iPhoneSimulator.Build.0 = Release|x86
		{AD30383E-55AA-445C-B71D-7FF1B34A14DD}.AppStore|iPhoneSimulator.Deploy.0 = Release|x86
		{AD30383E-55AA-445C-B71D-7FF1B34A14DD}.AppStore|x64.ActiveCfg = Release|x64
		{AD30383E-55AA-445C-B71D-7FF1B34A14DD}.AppStore|x64.Build.0 = Release|x64
		{AD30383E-55AA-445C-B71D-7FF1B34A14DD}.AppStore|x64.Deploy.0 = Release|x64
		{AD30383E-55AA-445C-B71D-7FF1B34A14DD}.AppStore|x86.ActiveCfg = Release|x86
		{AD30383E-55AA-445C-B71D-7FF1B34A14DD}.AppStore|x86.Build.0 = Release|x86
		{AD30383E-55AA-445C-B71D-7FF1B34A14DD}.AppStore|x86.Deploy.0 = Release|x86
		{AD30383E-55AA-445C-B71D-7FF1B34A14DD}.Debug|Any CPU.ActiveCfg = Debug|x86
		{AD30383E-55AA-445C-B71D-7FF1B34A14DD}.Debug|ARM.ActiveCfg = Debug|ARM
		{AD30383E-55AA-445C-B71D-7FF1B34A14DD}.Debug|ARM.Build.0 = Debug|ARM
		{AD30383E-55AA-445C-B71D-7FF1B34A14DD}.Debug|ARM.Deploy.0 = Debug|ARM
		{AD30383E-55AA-445C-B71D-7FF1B34A14DD}.Debug|iPhone.ActiveCfg = Debug|x86
		{AD30383E-55AA-445C-B71D-7FF1B34A14DD}.Debug|iPhoneSimulator.ActiveCfg = Debug|x86
		{AD30383E-55AA-445C-B71D-7FF1B34A14DD}.Debug|x64.ActiveCfg = Debug|x64
		{AD30383E-55AA-445C-B71D-7FF1B34A14DD}.Debug|x64.Build.0 = Debug|x64
		{AD30383E-55AA-445C-B71D-7FF1B34A14DD}.Debug|x64.Deploy.0 = Debug|x64
		{AD30383E-55AA-445C-B71D-7FF1B34A14DD}.Debug|x86.ActiveCfg = Debug|x86
		{AD30383E-55AA-445C-B71D-7FF1B34A14DD}.Debug|x86.Build.0 = Debug|x86
		{AD30383E-55AA-445C-B71D-7FF1B34A14DD}.Debug|x86.Deploy.0 = Debug|x86
		{AD30383E-55AA-445C-B71D-7FF1B34A14DD}.Release|Any CPU.ActiveCfg = Release|x86
		{AD30383E-55AA-445C-B71D-7FF1B34A14DD}.Release|ARM.ActiveCfg = Release|ARM
		{AD30383E-55AA-445C-B71D-7FF1B34A14DD}.Release|ARM.Build.0 = Release|ARM
		{AD30383E-55AA-445C-B71D-7FF1B34A14DD}.Release|ARM.Deploy.0 = Release|ARM
		{AD30383E-55AA-445C-B71D-7FF1B34A14DD}.Release|iPhone.ActiveCfg = Release|x86
		{AD30383E-55AA-445C-B71D-7FF1B34A14DD}.Release|iPhoneSimulator.ActiveCfg = Release|x86
		{AD30383E-55AA-445C-B71D-7FF1B34A14DD}.Release|x64.ActiveCfg = Release|x64
		{AD30383E-55AA-445C-B71D-7FF1B34A14DD}.Release|x64.Build.0 = Release|x64
		{AD30383E-55AA-445C-B71D-7FF1B34A14DD}.Release|x64.Deploy.0 = Release|x64
		{AD30383E-55AA-445C-B71D-7FF1B34A14DD}.Release|x86.ActiveCfg = Release|x86
		{AD30383E-55AA-445C-B71D-7FF1B34A14DD}.Release|x86.Build.0 = Release|x86
		{AD30383E-55AA-445C-B71D-7FF1B34A14DD}.Release|x86.Deploy.0 = Release|x86
	EndGlobalSection
	GlobalSection(SolutionProperties) = preSolution
		HideSolutionNode = FALSE
	EndGlobalSection
	GlobalSection(NestedProjects) = preSolution
		{461C5176-2A17-451B-9A35-6C0007065E91} = {D220C3E6-35A6-47E8-BA35-9795B7FFD414}
		{B95A1C9E-82D8-423A-8EA8-6E8ACF861F22} = {D220C3E6-35A6-47E8-BA35-9795B7FFD414}
		{3A74DFA1-9B4E-4829-9972-FC93192DC954} = {D220C3E6-35A6-47E8-BA35-9795B7FFD414}
		{E44F0AFD-9FF1-454D-BAF5-784DA8516F6B} = {D220C3E6-35A6-47E8-BA35-9795B7FFD414}
		{AD30383E-55AA-445C-B71D-7FF1B34A14DD} = {D220C3E6-35A6-47E8-BA35-9795B7FFD414}
	EndGlobalSection
	GlobalSection(ExtensibilityGlobals) = postSolution
		SolutionGuid = {98A9C586-49B9-40C1-99EE-071B64F9585E}
	EndGlobalSection
EndGlobal
